
Microsoft Visual Studio Solution File, Format Version 12.00
# Visual Studio Version 17
VisualStudioVersion = 17.9.34622.214
MinimumVisualStudioVersion = 10.0.40219.1
Project("{FAE04EC0-301F-11D3-BF4B-00C04F79EFBC}") = "AdoNet", "AdoNet\AdoNet.csproj", "{A681F7E9-5BBC-4579-9B68-2DFC54624D56}"
EndProject
Project("{FAE04EC0-301F-11D3-BF4B-00C04F79EFBC}") = "Core", "Core\Core.csproj", "{ED7E4EB4-ABC8-4164-B2DD-19E3758A5CF3}"
EndProject
Project("{FAE04EC0-301F-11D3-BF4B-00C04F79EFBC}") = "Data", "Data\Data.csproj", "{C25A7D2D-16DA-42F2-844D-EC9D62118871}"
EndProject
Project("{FAE04EC0-301F-11D3-BF4B-00C04F79EFBC}") = "Business", "Business\Business.csproj", "{393D7BD6-7C1B-4BD9-A31C-67A9506B5FCD}"
EndProject
Global
	GlobalSection(SolutionConfigurationPlatforms) = preSolution
		Debug|Any CPU = Debug|Any CPU
		Release|Any CPU = Release|Any CPU
	EndGlobalSection
	GlobalSection(ProjectConfigurationPlatforms) = postSolution
		{A681F7E9-5BBC-4579-9B68-2DFC54624D56}.Debug|Any CPU.ActiveCfg = Debug|Any CPU
		{A681F7E9-5BBC-4579-9B68-2DFC54624D56}.Debug|Any CPU.Build.0 = Debug|Any CPU
		{A681F7E9-5BBC-4579-9B68-2DFC54624D56}.Release|Any CPU.ActiveCfg = Release|Any CPU
		{A681F7E9-5BBC-4579-9B68-2DFC54624D56}.Release|Any CPU.Build.0 = Release|Any CPU
		{ED7E4EB4-ABC8-4164-B2DD-19E3758A5CF3}.Debug|Any CPU.ActiveCfg = Debug|Any CPU
		{ED7E4EB4-ABC8-4164-B2DD-19E3758A5CF3}.Debug|Any CPU.Build.0 = Debug|Any CPU
		{ED7E4EB4-ABC8-4164-B2DD-19E3758A5CF3}.Release|Any CPU.ActiveCfg = Release|Any CPU
		{ED7E4EB4-ABC8-4164-B2DD-19E3758A5CF3}.Release|Any CPU.Build.0 = Release|Any CPU
		{C25A7D2D-16DA-42F2-844D-EC9D62118871}.Debug|Any CPU.ActiveCfg = Debug|Any CPU
		{C25A7D2D-16DA-42F2-844D-EC9D62118871}.Debug|Any CPU.Build.0 = Debug|Any CPU
		{C25A7D2D-16DA-42F2-844D-EC9D62118871}.Release|Any CPU.ActiveCfg = Release|Any CPU
		{C25A7D2D-16DA-42F2-844D-EC9D62118871}.Release|Any CPU.Build.0 = Release|Any CPU
		{393D7BD6-7C1B-4BD9-A31C-67A9506B5FCD}.Debug|Any CPU.ActiveCfg = Debug|Any CPU
		{393D7BD6-7C1B-4BD9-A31C-67A9506B5FCD}.Debug|Any CPU.Build.0 = Debug|Any CPU
		{393D7BD6-7C1B-4BD9-A31C-67A9506B5FCD}.Release|Any CPU.ActiveCfg = Release|Any CPU
		{393D7BD6-7C1B-4BD9-A31C-67A9506B5FCD}.Release|Any CPU.Build.0 = Release|Any CPU
	EndGlobalSection
	GlobalSection(SolutionProperties) = preSolution
		HideSolutionNode = FALSE
	EndGlobalSection
	GlobalSection(ExtensibilityGlobals) = postSolution
		SolutionGuid = {23F42030-F73C-40D3-85B3-7A09E2E8CD54}
	EndGlobalSection
EndGlobal
